{
  "nodes": {
    "fabric-cli": {
      "inputs": {
        "nixpkgs": [
          "nixpkgs"
        ]
      },
      "locked": {
        "lastModified": 1777668438,
        "narHash": "sha256-S8aNG6r0tq1COs6NLsxB+80eHzIBYSSZsDiMHrqWLhc=",
        "owner": "MattiDragon",
        "repo": "fabric-cli-flake",
        "rev": "3d92743917d75e6e73cdf1a9507614fb2c054b8c",
        "type": "github"
      },
      "original": {
        "owner": "MattiDragon",
        "repo": "fabric-cli-flake",
        "type": "github"
      }
    },
    "flake-parts": {
      "inputs": {
        "nixpkgs-lib": "nixpkgs-lib"
      },
      "locked": {
        "lastModified": 1782949081,
        "narHash": "sha256-vp6Y/Grm98ESt6ceOkWiHWyZRDV3J1RID4w+6NWK9yA=",
        "owner": "hercules-ci",
        "repo": "flake-parts",
        "rev": "17c9d6cdfc60c64f4ee8d306f9bc0b4ccb51481e",
        "type": "github"
      },
      "original": {
        "owner": "hercules-ci",
        "repo": "flake-parts",
        "type": "github"
      }
    },
    "home-manager": {
      "inputs": {
        "nixpkgs": [
          "nixpkgs"
        ]
      },
      "locked": {
        "lastModified": 1783222121,
        "narHash": "sha256-E/ElL373TO8lQ2aMvYyzN+k4xkVaUGoRqoa8AtM71tI=",
        "owner": "nix-community",
        "repo": "home-manager",
        "rev": "a1645f40777620c4bd2b6d854b290c2fc354a266",
        "type": "github"
      },
      "original": {
        "owner": "nix-community",
        "ref": "master",
        "repo": "home-manager",
        "type": "github"
      }
    },
    "import-tree": {
      "locked": {
        "lastModified": 1778781969,
        "narHash": "sha256-Jjuz5CmSkur8KvLDoGa+vylEp+RkQtv4mt/qcMznpH0=",
        "owner": "vic",
        "repo": "import-tree",
        "rev": "d321337efd0f23a9eb14a42adb7b2c29313ab274",
        "type": "github"
      },
      "original": {
        "owner": "vic",
        "repo": "import-tree",
        "type": "github"
      }
    },
    "minegrub-world-sel-theme": {
      "inputs": {
        "nixpkgs": [
          "nixpkgs"
        ]
      },
      "locked": {
        "lastModified": 1777808767,
        "narHash": "sha256-/zj600gnZk+nPYzbqV/4x2vJXJQrc3vVdOxj/oCD5Wk=",
        "owner": "Lxtharia",
        "repo": "minegrub-world-sel-theme",
        "rev": "a64e4aa12d6f4d5dd9c752a7ad6e23e1b2f1a748",
        "type": "github"
      },
      "original": {
        "owner": "Lxtharia",
        "repo": "minegrub-world-sel-theme",
        "type": "github"
      }
    },
    "nixpkgs": {
      "locked": {
        "lastModified": 1782959384,
        "narHash": "sha256-xnJJk+ct+D2+wdRxj1wk36w5zV9RVESwRqcklPdt3fM=",
        "owner": "NixOS",
        "repo": "nixpkgs",
        "rev": "65179426c83bb3f6bc14898b42ea1c6f01d374b0",
        "type": "github"
      },
      "original": {
        "owner": "NixOS",
        "ref": "nixos-unstable",
        "repo": "nixpkgs",
        "type": "github"
      }
    },
    "nixpkgs-lib": {
      "locked": {
        "lastModified": 1782614948,
        "narHash": "sha256-ePjCwr1sNm9NYUqywL7QfK3JnlS015msC+eBu2zKlp8=",
        "owner": "nix-community",
        "repo": "nixpkgs.lib",
        "rev": "db3f255737b94216eb71cce308e2912cf6bc2d7c",
        "type": "github"
      },
      "original": {
        "owner": "nix-community",
        "repo": "nixpkgs.lib",
        "type": "github"
      }
    },
    "noctalia": {
      "inputs": {
        "nixpkgs": [
          "nixpkgs"
        ]
      },
      "locked": {
        "lastModified": 1783235267,
        "narHash": "sha256-s/pvvB2BYQX0NLZoDcT/dXhwFR4b7gDOSqasnbAIBlE=",
        "owner": "noctalia-dev",
        "repo": "noctalia-shell",
        "rev": "802441b4679a47dec934498802d25c6291ce4ce0",
        "type": "github"
      },
      "original": {
        "owner": "noctalia-dev",
        "ref": "main",
        "repo": "noctalia-shell",
        "type": "github"
      }
    },
    "root": {
      "inputs": {
        "fabric-cli": "fabric-cli",
        "flake-parts": "flake-parts",
        "home-manager": "home-manager",
        "import-tree": "import-tree",
        "minegrub-world-sel-theme": "minegrub-world-sel-theme",
        "nixpkgs": "nixpkgs",
        "noctalia": "noctalia",
        "vineflower": "vineflower"
      }
    },
    "vineflower": {
      "inputs": {
        "nixpkgs": [
          "nixpkgs"
        ],
        "vineflower_jar": "vineflower_jar"
      },
      "locked": {
        "lastModified": 1777668341,
        "narHash": "sha256-/qLdcuD0Kra9PfOUCOQGibxLUzENNcd2zx7N1PwZat0=",
        "owner": "MattiDragon",
        "repo": "vineflower-flake",
        "rev": "289efb8e0e9e64882b1ad616f8214ad8c6f72f21",
        "type": "github"
      },
      "original": {
        "owner": "MattiDragon",
        "repo": "vineflower-flake",
        "type": "github"
      }
    },
    "vineflower_jar": {
      "flake": false,
      "locked": {
        "narHash": "sha256-1O+4fWvOIwf98iHraGWxD1lnjK67scbpKyWxEaILLIU=",
        "type": "file",
        "url": "https://github.com/Vineflower/vineflower/releases/download/1.11.2/vineflower-1.11.2.jar"
      },
      "original": {
        "type": "file",
        "url": "https://github.com/Vineflower/vineflower/releases/download/1.11.2/vineflower-1.11.2.jar"
      }
    }
  },
  "root": "root",
  "version": 7
}
