{
  "nodes": {
    "dolphin-patch": {
      "inputs": {
        "nixpkgs": [
          "nixpkgs"
        ]
      },
      "locked": {
        "lastModified": 1775943689,
        "narHash": "sha256-0XBCoR1L5gYmh8VqZu0HcHsL4GeGXQMC0f3ARshf/rk=",
        "owner": "rumboon",
        "repo": "dolphin-overlay",
        "rev": "c32758737a0cb02d0bf380753d11df1b8537a944",
        "type": "github"
      },
      "original": {
        "owner": "rumboon",
        "repo": "dolphin-overlay",
        "type": "github"
      }
    },
    "fabric-cli": {
      "inputs": {
        "nixpkgs": [
          "nixpkgs"
        ]
      },
      "locked": {
        "lastModified": 1777668438,
        "narHash": "sha256-S8aNG6r0tq1COs6NLsxB+80eHzIBYSSZsDiMHrqWLhc=",
        "owner": "MattiDragon",
        "repo": "fabric-cli-flake",
        "rev": "3d92743917d75e6e73cdf1a9507614fb2c054b8c",
        "type": "github"
      },
      "original": {
        "owner": "MattiDragon",
        "repo": "fabric-cli-flake",
        "type": "github"
      }
    },
    "flake-parts": {
      "inputs": {
        "nixpkgs-lib": "nixpkgs-lib"
      },
      "locked": {
        "lastModified": 1777678872,
        "narHash": "sha256-EPIFsulyon7Z1vLQq5Fk64GR8L7cQsT+IPhcsukVbgk=",
        "owner": "hercules-ci",
        "repo": "flake-parts",
        "rev": "5250617bffd85403b14dbf43c3870e7f255d2c16",
        "type": "github"
      },
      "original": {
        "owner": "hercules-ci",
        "repo": "flake-parts",
        "type": "github"
      }
    },
    "home-manager": {
      "inputs": {
        "nixpkgs": [
          "nixpkgs"
        ]
      },
      "locked": {
        "lastModified": 1777679572,
        "narHash": "sha256-egYNbRrkn+6SwTHinhdb6WUfzzdC3nXfCRqS321VylY=",
        "owner": "nix-community",
        "repo": "home-manager",
        "rev": "9cb587ade2aa1b4a7257f0238d41072690b0ca4f",
        "type": "github"
      },
      "original": {
        "owner": "nix-community",
        "ref": "master",
        "repo": "home-manager",
        "type": "github"
      }
    },
    "import-tree": {
      "locked": {
        "lastModified": 1773693634,
        "narHash": "sha256-BtZ2dtkBdSUnFPPFc+n0kcMbgaTxzFNPv2iaO326Ffg=",
        "owner": "vic",
        "repo": "import-tree",
        "rev": "c41e7d58045f9057880b0d85e1152d6a4430dbf1",
        "type": "github"
      },
      "original": {
        "owner": "vic",
        "repo": "import-tree",
        "type": "github"
      }
    },
    "minegrub-world-sel-theme": {
      "inputs": {
        "nixpkgs": [
          "nixpkgs"
        ]
      },
      "locked": {
        "lastModified": 1774780255,
        "narHash": "sha256-BA3CnfTRotuTfGobZxwwJlLEVObgKdhbn4L6e91P8Qw=",
        "owner": "Lxtharia",
        "repo": "minegrub-world-sel-theme",
        "rev": "5cedf341a44311669508732be50f0387e47d11c1",
        "type": "github"
      },
      "original": {
        "owner": "Lxtharia",
        "repo": "minegrub-world-sel-theme",
        "type": "github"
      }
    },
    "nixpkgs": {
      "locked": {
        "lastModified": 1777578337,
        "narHash": "sha256-Ad49moKWeXtKBJNy2ebiTQUEgdLyvGmTeykAQ9xM+Z4=",
        "owner": "NixOS",
        "repo": "nixpkgs",
        "rev": "15f4ee454b1dce334612fa6843b3e05cf546efab",
        "type": "github"
      },
      "original": {
        "owner": "NixOS",
        "ref": "nixos-unstable",
        "repo": "nixpkgs",
        "type": "github"
      }
    },
    "nixpkgs-lib": {
      "locked": {
        "lastModified": 1777168982,
        "narHash": "sha256-GOkGPcboWE9BmGCRMLX3worL4EMnsnG8MyKmXNeYuhQ=",
        "owner": "nix-community",
        "repo": "nixpkgs.lib",
        "rev": "f5901329dade4a6ea039af1433fb087bd9c1fe14",
        "type": "github"
      },
      "original": {
        "owner": "nix-community",
        "repo": "nixpkgs.lib",
        "type": "github"
      }
    },
    "root": {
      "inputs": {
        "dolphin-patch": "dolphin-patch",
        "fabric-cli": "fabric-cli",
        "flake-parts": "flake-parts",
        "home-manager": "home-manager",
        "import-tree": "import-tree",
        "minegrub-world-sel-theme": "minegrub-world-sel-theme",
        "nixpkgs": "nixpkgs",
        "vineflower": "vineflower"
      }
    },
    "vineflower": {
      "inputs": {
        "nixpkgs": [
          "nixpkgs"
        ],
        "vineflower_jar": "vineflower_jar"
      },
      "locked": {
        "lastModified": 1777668341,
        "narHash": "sha256-/qLdcuD0Kra9PfOUCOQGibxLUzENNcd2zx7N1PwZat0=",
        "owner": "MattiDragon",
        "repo": "vineflower-flake",
        "rev": "289efb8e0e9e64882b1ad616f8214ad8c6f72f21",
        "type": "github"
      },
      "original": {
        "owner": "MattiDragon",
        "repo": "vineflower-flake",
        "type": "github"
      }
    },
    "vineflower_jar": {
      "flake": false,
      "locked": {
        "narHash": "sha256-1O+4fWvOIwf98iHraGWxD1lnjK67scbpKyWxEaILLIU=",
        "type": "file",
        "url": "https://github.com/Vineflower/vineflower/releases/download/1.11.2/vineflower-1.11.2.jar"
      },
      "original": {
        "type": "file",
        "url": "https://github.com/Vineflower/vineflower/releases/download/1.11.2/vineflower-1.11.2.jar"
      }
    }
  },
  "root": "root",
  "version": 7
}
